
Microsoft Visual Studio Solution File, Format Version 12.00
# Visual Studio 15
VisualStudioVersion = 15.0.28307.168
MinimumVisualStudioVersion = 10.0.40219.1
Project("{8BC9CEB8-8B4A-11D0-8D11-00A0C91BC942}") = "Demo", "proj\Demo\Demo.vcxproj", "{2E2EE9AD-06FF-4A73-B09D-EC42CB1A9923}"
	ProjectSection(ProjectDependencies) = postProject
		{CB7DD118-A4BC-403E-83E9-19E85107B792} = {CB7DD118-A4BC-403E-83E9-19E85107B792}
		{BCF9C343-33E2-4BDE-BAFA-1C570DFF525F} = {BCF9C343-33E2-4BDE-BAFA-1C570DFF525F}
		{FD118371-D8EF-48E4-8AA7-93E48984EB34} = {FD118371-D8EF-48E4-8AA7-93E48984EB34}
		{2EF5E776-2FC0-479F-93A8-8D22D47AF3F6} = {2EF5E776-2FC0-479F-93A8-8D22D47AF3F6}
	EndProjectSection
EndProject
Project("{8BC9CEB8-8B4A-11D0-8D11-00A0C91BC942}") = "MemeWindow", "proj\MemeWindow\MemeWindow.vcxproj", "{FD118371-D8EF-48E4-8AA7-93E48984EB34}"
	ProjectSection(ProjectDependencies) = postProject
		{BCF9C343-33E2-4BDE-BAFA-1C570DFF525F} = {BCF9C343-33E2-4BDE-BAFA-1C570DFF525F}
	EndProjectSection
EndProject
Project("{8BC9CEB8-8B4A-11D0-8D11-00A0C91BC942}") = "MemeGraphics", "proj\MemeGraphics\MemeGraphics.vcxproj", "{2EF5E776-2FC0-479F-93A8-8D22D47AF3F6}"
	ProjectSection(ProjectDependencies) = postProject
		{BCF9C343-33E2-4BDE-BAFA-1C570DFF525F} = {BCF9C343-33E2-4BDE-BAFA-1C570DFF525F}
	EndProjectSection
EndProject
Project("{8BC9CEB8-8B4A-11D0-8D11-00A0C91BC942}") = "MemeCore", "proj\MemeCore\MemeCore.vcxproj", "{BCF9C343-33E2-4BDE-BAFA-1C570DFF525F}"
EndProject
Project("{8BC9CEB8-8B4A-11D0-8D11-00A0C91BC942}") = "MemeScript", "proj\MemeScript\MemeScript.vcxproj", "{CB7DD118-A4BC-403E-83E9-19E85107B792}"
	ProjectSection(ProjectDependencies) = postProject
		{BCF9C343-33E2-4BDE-BAFA-1C570DFF525F} = {BCF9C343-33E2-4BDE-BAFA-1C570DFF525F}
	EndProjectSection
EndProject
Global
	GlobalSection(SolutionConfigurationPlatforms) = preSolution
		Debug|x64 = Debug|x64
		Debug|x86 = Debug|x86
		Release|x64 = Release|x64
		Release|x86 = Release|x86
	EndGlobalSection
	GlobalSection(ProjectConfigurationPlatforms) = postSolution
		{2E2EE9AD-06FF-4A73-B09D-EC42CB1A9923}.Debug|x64.ActiveCfg = Debug|x64
		{2E2EE9AD-06FF-4A73-B09D-EC42CB1A9923}.Debug|x64.Build.0 = Debug|x64
		{2E2EE9AD-06FF-4A73-B09D-EC42CB1A9923}.Debug|x86.ActiveCfg = Debug|Win32
		{2E2EE9AD-06FF-4A73-B09D-EC42CB1A9923}.Debug|x86.Build.0 = Debug|Win32
		{2E2EE9AD-06FF-4A73-B09D-EC42CB1A9923}.Release|x64.ActiveCfg = Release|x64
		{2E2EE9AD-06FF-4A73-B09D-EC42CB1A9923}.Release|x64.Build.0 = Release|x64
		{2E2EE9AD-06FF-4A73-B09D-EC42CB1A9923}.Release|x86.ActiveCfg = Release|Win32
		{2E2EE9AD-06FF-4A73-B09D-EC42CB1A9923}.Release|x86.Build.0 = Release|Win32
		{FD118371-D8EF-48E4-8AA7-93E48984EB34}.Debug|x64.ActiveCfg = Debug|x64
		{FD118371-D8EF-48E4-8AA7-93E48984EB34}.Debug|x64.Build.0 = Debug|x64
		{FD118371-D8EF-48E4-8AA7-93E48984EB34}.Debug|x86.ActiveCfg = Debug|Win32
		{FD118371-D8EF-48E4-8AA7-93E48984EB34}.Debug|x86.Build.0 = Debug|Win32
		{FD118371-D8EF-48E4-8AA7-93E48984EB34}.Release|x64.ActiveCfg = Release|x64
		{FD118371-D8EF-48E4-8AA7-93E48984EB34}.Release|x64.Build.0 = Release|x64
		{FD118371-D8EF-48E4-8AA7-93E48984EB34}.Release|x86.ActiveCfg = Release|Win32
		{FD118371-D8EF-48E4-8AA7-93E48984EB34}.Release|x86.Build.0 = Release|Win32
		{2EF5E776-2FC0-479F-93A8-8D22D47AF3F6}.Debug|x64.ActiveCfg = Debug|x64
		{2EF5E776-2FC0-479F-93A8-8D22D47AF3F6}.Debug|x64.Build.0 = Debug|x64
		{2EF5E776-2FC0-479F-93A8-8D22D47AF3F6}.Debug|x86.ActiveCfg = Debug|Win32
		{2EF5E776-2FC0-479F-93A8-8D22D47AF3F6}.Debug|x86.Build.0 = Debug|Win32
		{2EF5E776-2FC0-479F-93A8-8D22D47AF3F6}.Release|x64.ActiveCfg = Release|x64
		{2EF5E776-2FC0-479F-93A8-8D22D47AF3F6}.Release|x64.Build.0 = Release|x64
		{2EF5E776-2FC0-479F-93A8-8D22D47AF3F6}.Release|x86.ActiveCfg = Release|Win32
		{2EF5E776-2FC0-479F-93A8-8D22D47AF3F6}.Release|x86.Build.0 = Release|Win32
		{BCF9C343-33E2-4BDE-BAFA-1C570DFF525F}.Debug|x64.ActiveCfg = Debug|x64
		{BCF9C343-33E2-4BDE-BAFA-1C570DFF525F}.Debug|x64.Build.0 = Debug|x64
		{BCF9C343-33E2-4BDE-BAFA-1C570DFF525F}.Debug|x86.ActiveCfg = Debug|Win32
		{BCF9C343-33E2-4BDE-BAFA-1C570DFF525F}.Debug|x86.Build.0 = Debug|Win32
		{BCF9C343-33E2-4BDE-BAFA-1C570DFF525F}.Release|x64.ActiveCfg = Release|x64
		{BCF9C343-33E2-4BDE-BAFA-1C570DFF525F}.Release|x64.Build.0 = Release|x64
		{BCF9C343-33E2-4BDE-BAFA-1C570DFF525F}.Release|x86.ActiveCfg = Release|Win32
		{BCF9C343-33E2-4BDE-BAFA-1C570DFF525F}.Release|x86.Build.0 = Release|Win32
		{CB7DD118-A4BC-403E-83E9-19E85107B792}.Debug|x64.ActiveCfg = Debug|x64
		{CB7DD118-A4BC-403E-83E9-19E85107B792}.Debug|x64.Build.0 = Debug|x64
		{CB7DD118-A4BC-403E-83E9-19E85107B792}.Debug|x86.ActiveCfg = Debug|Win32
		{CB7DD118-A4BC-403E-83E9-19E85107B792}.Debug|x86.Build.0 = Debug|Win32
		{CB7DD118-A4BC-403E-83E9-19E85107B792}.Release|x64.ActiveCfg = Release|x64
		{CB7DD118-A4BC-403E-83E9-19E85107B792}.Release|x64.Build.0 = Release|x64
		{CB7DD118-A4BC-403E-83E9-19E85107B792}.Release|x86.ActiveCfg = Release|Win32
		{CB7DD118-A4BC-403E-83E9-19E85107B792}.Release|x86.Build.0 = Release|Win32
	EndGlobalSection
	GlobalSection(SolutionProperties) = preSolution
		HideSolutionNode = FALSE
	EndGlobalSection
	GlobalSection(ExtensibilityGlobals) = postSolution
		SolutionGuid = {CBA93077-9F7A-4603-BDEB-A00B94D6BDBF}
	EndGlobalSection
EndGlobal
