
Microsoft Visual Studio Solution File, Format Version 12.00
# Visual Studio 15
VisualStudioVersion = 15.0.28307.168
MinimumVisualStudioVersion = 10.0.40219.1
Project("{8BC9CEB8-8B4A-11D0-8D11-00A0C91BC942}") = "Demo", "proj\Demo\Demo.vcxproj", "{2E2EE9AD-06FF-4A73-B09D-EC42CB1A9923}"
	ProjectSection(ProjectDependencies) = postProject
		{CB7DD118-A4BC-403E-83E9-19E85107B792} = {CB7DD118-A4BC-403E-83E9-19E85107B792}
		{435F2236-99A8-47F5-9408-0B5D1BB9BCAB} = {435F2236-99A8-47F5-9408-0B5D1BB9BCAB}
		{A12B263A-F022-46DB-A461-19F0EECAFA3D} = {A12B263A-F022-46DB-A461-19F0EECAFA3D}
		{BCF9C343-33E2-4BDE-BAFA-1C570DFF525F} = {BCF9C343-33E2-4BDE-BAFA-1C570DFF525F}
		{FD118371-D8EF-48E4-8AA7-93E48984EB34} = {FD118371-D8EF-48E4-8AA7-93E48984EB34}
		{2EF5E776-2FC0-479F-93A8-8D22D47AF3F6} = {2EF5E776-2FC0-479F-93A8-8D22D47AF3F6}
		{BE4213E1-C42D-46C4-A912-0A8B8E07ECC2} = {BE4213E1-C42D-46C4-A912-0A8B8E07ECC2}
		{3E1CA3E7-0585-4E41-BBEF-59BC48454410} = {3E1CA3E7-0585-4E41-BBEF-59BC48454410}
	EndProjectSection
EndProject
Project("{8BC9CEB8-8B4A-11D0-8D11-00A0C91BC942}") = "MemeWindow", "proj\MemeWindow\MemeWindow.vcxproj", "{FD118371-D8EF-48E4-8AA7-93E48984EB34}"
	ProjectSection(ProjectDependencies) = postProject
		{BCF9C343-33E2-4BDE-BAFA-1C570DFF525F} = {BCF9C343-33E2-4BDE-BAFA-1C570DFF525F}
	EndProjectSection
EndProject
Project("{8BC9CEB8-8B4A-11D0-8D11-00A0C91BC942}") = "MemeGraphics", "proj\MemeGraphics\MemeGraphics.vcxproj", "{2EF5E776-2FC0-479F-93A8-8D22D47AF3F6}"
	ProjectSection(ProjectDependencies) = postProject
		{BCF9C343-33E2-4BDE-BAFA-1C570DFF525F} = {BCF9C343-33E2-4BDE-BAFA-1C570DFF525F}
		{FD118371-D8EF-48E4-8AA7-93E48984EB34} = {FD118371-D8EF-48E4-8AA7-93E48984EB34}
	EndProjectSection
EndProject
Project("{8BC9CEB8-8B4A-11D0-8D11-00A0C91BC942}") = "MemeCore", "proj\MemeCore\MemeCore.vcxproj", "{BCF9C343-33E2-4BDE-BAFA-1C570DFF525F}"
EndProject
Project("{8BC9CEB8-8B4A-11D0-8D11-00A0C91BC942}") = "MemeScript", "proj\MemeScript\MemeScript.vcxproj", "{CB7DD118-A4BC-403E-83E9-19E85107B792}"
	ProjectSection(ProjectDependencies) = postProject
		{BCF9C343-33E2-4BDE-BAFA-1C570DFF525F} = {BCF9C343-33E2-4BDE-BAFA-1C570DFF525F}
	EndProjectSection
EndProject
Project("{8BC9CEB8-8B4A-11D0-8D11-00A0C91BC942}") = "MemeNet", "proj\MemeNet\MemeNet.vcxproj", "{A12B263A-F022-46DB-A461-19F0EECAFA3D}"
	ProjectSection(ProjectDependencies) = postProject
		{BCF9C343-33E2-4BDE-BAFA-1C570DFF525F} = {BCF9C343-33E2-4BDE-BAFA-1C570DFF525F}
	EndProjectSection
EndProject
Project("{8BC9CEB8-8B4A-11D0-8D11-00A0C91BC942}") = "MemeAudio", "proj\MemeAudio\MemeAudio.vcxproj", "{3E1CA3E7-0585-4E41-BBEF-59BC48454410}"
	ProjectSection(ProjectDependencies) = postProject
		{BCF9C343-33E2-4BDE-BAFA-1C570DFF525F} = {BCF9C343-33E2-4BDE-BAFA-1C570DFF525F}
	EndProjectSection
EndProject
Project("{2150E333-8FDC-42A3-9474-1A3956D46DE8}") = "MemeLib", "MemeLib", "{78B91E26-73FE-4087-836B-2DCD5116591C}"
EndProject
Project("{8BC9CEB8-8B4A-11D0-8D11-00A0C91BC942}") = "MemeEditor", "proj\MemeEditor\MemeEditor.vcxproj", "{435F2236-99A8-47F5-9408-0B5D1BB9BCAB}"
	ProjectSection(ProjectDependencies) = postProject
		{CB7DD118-A4BC-403E-83E9-19E85107B792} = {CB7DD118-A4BC-403E-83E9-19E85107B792}
		{A12B263A-F022-46DB-A461-19F0EECAFA3D} = {A12B263A-F022-46DB-A461-19F0EECAFA3D}
		{BCF9C343-33E2-4BDE-BAFA-1C570DFF525F} = {BCF9C343-33E2-4BDE-BAFA-1C570DFF525F}
		{FD118371-D8EF-48E4-8AA7-93E48984EB34} = {FD118371-D8EF-48E4-8AA7-93E48984EB34}
		{2EF5E776-2FC0-479F-93A8-8D22D47AF3F6} = {2EF5E776-2FC0-479F-93A8-8D22D47AF3F6}
		{3E1CA3E7-0585-4E41-BBEF-59BC48454410} = {3E1CA3E7-0585-4E41-BBEF-59BC48454410}
	EndProjectSection
EndProject
Project("{8BC9CEB8-8B4A-11D0-8D11-00A0C91BC942}") = "MemePhysics", "proj\MemePhysics\MemePhysics.vcxproj", "{BE4213E1-C42D-46C4-A912-0A8B8E07ECC2}"
	ProjectSection(ProjectDependencies) = postProject
		{BCF9C343-33E2-4BDE-BAFA-1C570DFF525F} = {BCF9C343-33E2-4BDE-BAFA-1C570DFF525F}
	EndProjectSection
EndProject
Project("{2150E333-8FDC-42A3-9474-1A3956D46DE8}") = "Solution", "Solution", "{79CA3F06-1FDD-4E1D-8CF5-F2DD51756A8F}"
	ProjectSection(SolutionItems) = preProject
		config.ini = config.ini
		LICENSE.txt = LICENSE.txt
		README.md = README.md
	EndProjectSection
EndProject
Project("{2150E333-8FDC-42A3-9474-1A3956D46DE8}") = "Examples", "Examples", "{AA6AF900-060F-41BB-B6E4-0A4B9080BF0C}"
EndProject
Project("{8BC9CEB8-8B4A-11D0-8D11-00A0C91BC942}") = "TestPlugin", "examples\TestPlugin\TestPlugin.vcxproj", "{460A52CB-AFC0-451A-8223-943538090422}"
	ProjectSection(ProjectDependencies) = postProject
		{2E2EE9AD-06FF-4A73-B09D-EC42CB1A9923} = {2E2EE9AD-06FF-4A73-B09D-EC42CB1A9923}
	EndProjectSection
EndProject
Global
	GlobalSection(SolutionConfigurationPlatforms) = preSolution
		Debug|x64 = Debug|x64
		Debug|x86 = Debug|x86
		Release|x64 = Release|x64
		Release|x86 = Release|x86
	EndGlobalSection
	GlobalSection(ProjectConfigurationPlatforms) = postSolution
		{2E2EE9AD-06FF-4A73-B09D-EC42CB1A9923}.Debug|x64.ActiveCfg = Debug|x64
		{2E2EE9AD-06FF-4A73-B09D-EC42CB1A9923}.Debug|x64.Build.0 = Debug|x64
		{2E2EE9AD-06FF-4A73-B09D-EC42CB1A9923}.Debug|x86.ActiveCfg = Debug|Win32
		{2E2EE9AD-06FF-4A73-B09D-EC42CB1A9923}.Debug|x86.Build.0 = Debug|Win32
		{2E2EE9AD-06FF-4A73-B09D-EC42CB1A9923}.Release|x64.ActiveCfg = Release|x64
		{2E2EE9AD-06FF-4A73-B09D-EC42CB1A9923}.Release|x64.Build.0 = Release|x64
		{2E2EE9AD-06FF-4A73-B09D-EC42CB1A9923}.Release|x86.ActiveCfg = Release|Win32
		{2E2EE9AD-06FF-4A73-B09D-EC42CB1A9923}.Release|x86.Build.0 = Release|Win32
		{FD118371-D8EF-48E4-8AA7-93E48984EB34}.Debug|x64.ActiveCfg = Debug|x64
		{FD118371-D8EF-48E4-8AA7-93E48984EB34}.Debug|x64.Build.0 = Debug|x64
		{FD118371-D8EF-48E4-8AA7-93E48984EB34}.Debug|x86.ActiveCfg = Debug|Win32
		{FD118371-D8EF-48E4-8AA7-93E48984EB34}.Debug|x86.Build.0 = Debug|Win32
		{FD118371-D8EF-48E4-8AA7-93E48984EB34}.Release|x64.ActiveCfg = Release|x64
		{FD118371-D8EF-48E4-8AA7-93E48984EB34}.Release|x64.Build.0 = Release|x64
		{FD118371-D8EF-48E4-8AA7-93E48984EB34}.Release|x86.ActiveCfg = Release|Win32
		{FD118371-D8EF-48E4-8AA7-93E48984EB34}.Release|x86.Build.0 = Release|Win32
		{2EF5E776-2FC0-479F-93A8-8D22D47AF3F6}.Debug|x64.ActiveCfg = Debug|x64
		{2EF5E776-2FC0-479F-93A8-8D22D47AF3F6}.Debug|x64.Build.0 = Debug|x64
		{2EF5E776-2FC0-479F-93A8-8D22D47AF3F6}.Debug|x86.ActiveCfg = Debug|Win32
		{2EF5E776-2FC0-479F-93A8-8D22D47AF3F6}.Debug|x86.Build.0 = Debug|Win32
		{2EF5E776-2FC0-479F-93A8-8D22D47AF3F6}.Release|x64.ActiveCfg = Release|x64
		{2EF5E776-2FC0-479F-93A8-8D22D47AF3F6}.Release|x64.Build.0 = Release|x64
		{2EF5E776-2FC0-479F-93A8-8D22D47AF3F6}.Release|x86.ActiveCfg = Release|Win32
		{2EF5E776-2FC0-479F-93A8-8D22D47AF3F6}.Release|x86.Build.0 = Release|Win32
		{BCF9C343-33E2-4BDE-BAFA-1C570DFF525F}.Debug|x64.ActiveCfg = Debug|x64
		{BCF9C343-33E2-4BDE-BAFA-1C570DFF525F}.Debug|x64.Build.0 = Debug|x64
		{BCF9C343-33E2-4BDE-BAFA-1C570DFF525F}.Debug|x86.ActiveCfg = Debug|Win32
		{BCF9C343-33E2-4BDE-BAFA-1C570DFF525F}.Debug|x86.Build.0 = Debug|Win32
		{BCF9C343-33E2-4BDE-BAFA-1C570DFF525F}.Release|x64.ActiveCfg = Release|x64
		{BCF9C343-33E2-4BDE-BAFA-1C570DFF525F}.Release|x64.Build.0 = Release|x64
		{BCF9C343-33E2-4BDE-BAFA-1C570DFF525F}.Release|x86.ActiveCfg = Release|Win32
		{BCF9C343-33E2-4BDE-BAFA-1C570DFF525F}.Release|x86.Build.0 = Release|Win32
		{CB7DD118-A4BC-403E-83E9-19E85107B792}.Debug|x64.ActiveCfg = Debug|x64
		{CB7DD118-A4BC-403E-83E9-19E85107B792}.Debug|x64.Build.0 = Debug|x64
		{CB7DD118-A4BC-403E-83E9-19E85107B792}.Debug|x86.ActiveCfg = Debug|Win32
		{CB7DD118-A4BC-403E-83E9-19E85107B792}.Debug|x86.Build.0 = Debug|Win32
		{CB7DD118-A4BC-403E-83E9-19E85107B792}.Release|x64.ActiveCfg = Release|x64
		{CB7DD118-A4BC-403E-83E9-19E85107B792}.Release|x64.Build.0 = Release|x64
		{CB7DD118-A4BC-403E-83E9-19E85107B792}.Release|x86.ActiveCfg = Release|Win32
		{CB7DD118-A4BC-403E-83E9-19E85107B792}.Release|x86.Build.0 = Release|Win32
		{A12B263A-F022-46DB-A461-19F0EECAFA3D}.Debug|x64.ActiveCfg = Debug|x64
		{A12B263A-F022-46DB-A461-19F0EECAFA3D}.Debug|x64.Build.0 = Debug|x64
		{A12B263A-F022-46DB-A461-19F0EECAFA3D}.Debug|x86.ActiveCfg = Debug|Win32
		{A12B263A-F022-46DB-A461-19F0EECAFA3D}.Debug|x86.Build.0 = Debug|Win32
		{A12B263A-F022-46DB-A461-19F0EECAFA3D}.Release|x64.ActiveCfg = Release|x64
		{A12B263A-F022-46DB-A461-19F0EECAFA3D}.Release|x64.Build.0 = Release|x64
		{A12B263A-F022-46DB-A461-19F0EECAFA3D}.Release|x86.ActiveCfg = Release|Win32
		{A12B263A-F022-46DB-A461-19F0EECAFA3D}.Release|x86.Build.0 = Release|Win32
		{3E1CA3E7-0585-4E41-BBEF-59BC48454410}.Debug|x64.ActiveCfg = Debug|x64
		{3E1CA3E7-0585-4E41-BBEF-59BC48454410}.Debug|x64.Build.0 = Debug|x64
		{3E1CA3E7-0585-4E41-BBEF-59BC48454410}.Debug|x86.ActiveCfg = Debug|Win32
		{3E1CA3E7-0585-4E41-BBEF-59BC48454410}.Debug|x86.Build.0 = Debug|Win32
		{3E1CA3E7-0585-4E41-BBEF-59BC48454410}.Release|x64.ActiveCfg = Release|x64
		{3E1CA3E7-0585-4E41-BBEF-59BC48454410}.Release|x64.Build.0 = Release|x64
		{3E1CA3E7-0585-4E41-BBEF-59BC48454410}.Release|x86.ActiveCfg = Release|Win32
		{3E1CA3E7-0585-4E41-BBEF-59BC48454410}.Release|x86.Build.0 = Release|Win32
		{435F2236-99A8-47F5-9408-0B5D1BB9BCAB}.Debug|x64.ActiveCfg = Debug|x64
		{435F2236-99A8-47F5-9408-0B5D1BB9BCAB}.Debug|x64.Build.0 = Debug|x64
		{435F2236-99A8-47F5-9408-0B5D1BB9BCAB}.Debug|x86.ActiveCfg = Debug|Win32
		{435F2236-99A8-47F5-9408-0B5D1BB9BCAB}.Debug|x86.Build.0 = Debug|Win32
		{435F2236-99A8-47F5-9408-0B5D1BB9BCAB}.Release|x64.ActiveCfg = Release|x64
		{435F2236-99A8-47F5-9408-0B5D1BB9BCAB}.Release|x64.Build.0 = Release|x64
		{435F2236-99A8-47F5-9408-0B5D1BB9BCAB}.Release|x86.ActiveCfg = Release|Win32
		{435F2236-99A8-47F5-9408-0B5D1BB9BCAB}.Release|x86.Build.0 = Release|Win32
		{BE4213E1-C42D-46C4-A912-0A8B8E07ECC2}.Debug|x64.ActiveCfg = Debug|x64
		{BE4213E1-C42D-46C4-A912-0A8B8E07ECC2}.Debug|x64.Build.0 = Debug|x64
		{BE4213E1-C42D-46C4-A912-0A8B8E07ECC2}.Debug|x86.ActiveCfg = Debug|Win32
		{BE4213E1-C42D-46C4-A912-0A8B8E07ECC2}.Debug|x86.Build.0 = Debug|Win32
		{BE4213E1-C42D-46C4-A912-0A8B8E07ECC2}.Release|x64.ActiveCfg = Release|x64
		{BE4213E1-C42D-46C4-A912-0A8B8E07ECC2}.Release|x64.Build.0 = Release|x64
		{BE4213E1-C42D-46C4-A912-0A8B8E07ECC2}.Release|x86.ActiveCfg = Release|Win32
		{BE4213E1-C42D-46C4-A912-0A8B8E07ECC2}.Release|x86.Build.0 = Release|Win32
		{460A52CB-AFC0-451A-8223-943538090422}.Debug|x64.ActiveCfg = Debug|x64
		{460A52CB-AFC0-451A-8223-943538090422}.Debug|x64.Build.0 = Debug|x64
		{460A52CB-AFC0-451A-8223-943538090422}.Debug|x86.ActiveCfg = Debug|Win32
		{460A52CB-AFC0-451A-8223-943538090422}.Debug|x86.Build.0 = Debug|Win32
		{460A52CB-AFC0-451A-8223-943538090422}.Release|x64.ActiveCfg = Release|x64
		{460A52CB-AFC0-451A-8223-943538090422}.Release|x64.Build.0 = Release|x64
		{460A52CB-AFC0-451A-8223-943538090422}.Release|x86.ActiveCfg = Release|Win32
		{460A52CB-AFC0-451A-8223-943538090422}.Release|x86.Build.0 = Release|Win32
	EndGlobalSection
	GlobalSection(SolutionProperties) = preSolution
		HideSolutionNode = FALSE
	EndGlobalSection
	GlobalSection(NestedProjects) = preSolution
		{FD118371-D8EF-48E4-8AA7-93E48984EB34} = {78B91E26-73FE-4087-836B-2DCD5116591C}
		{2EF5E776-2FC0-479F-93A8-8D22D47AF3F6} = {78B91E26-73FE-4087-836B-2DCD5116591C}
		{BCF9C343-33E2-4BDE-BAFA-1C570DFF525F} = {78B91E26-73FE-4087-836B-2DCD5116591C}
		{CB7DD118-A4BC-403E-83E9-19E85107B792} = {78B91E26-73FE-4087-836B-2DCD5116591C}
		{A12B263A-F022-46DB-A461-19F0EECAFA3D} = {78B91E26-73FE-4087-836B-2DCD5116591C}
		{3E1CA3E7-0585-4E41-BBEF-59BC48454410} = {78B91E26-73FE-4087-836B-2DCD5116591C}
		{435F2236-99A8-47F5-9408-0B5D1BB9BCAB} = {78B91E26-73FE-4087-836B-2DCD5116591C}
		{BE4213E1-C42D-46C4-A912-0A8B8E07ECC2} = {78B91E26-73FE-4087-836B-2DCD5116591C}
		{460A52CB-AFC0-451A-8223-943538090422} = {AA6AF900-060F-41BB-B6E4-0A4B9080BF0C}
	EndGlobalSection
	GlobalSection(ExtensibilityGlobals) = postSolution
		SolutionGuid = {CBA93077-9F7A-4603-BDEB-A00B94D6BDBF}
	EndGlobalSection
EndGlobal
