
Microsoft Visual Studio Solution File, Format Version 12.00
# Visual Studio 15
VisualStudioVersion = 15.0.28307.539
MinimumVisualStudioVersion = 10.0.40219.1
Project("{8BC9CEB8-8B4A-11D0-8D11-00A0C91BC942}") = "MemeAudio", "proj\MemeAudio\MemeAudio.vcxproj", "{3E1CA3E7-0585-4E41-BBEF-59BC48454410}"
	ProjectSection(ProjectDependencies) = postProject
		{BCF9C343-33E2-4BDE-BAFA-1C570DFF525F} = {BCF9C343-33E2-4BDE-BAFA-1C570DFF525F}
	EndProjectSection
EndProject
Project("{8BC9CEB8-8B4A-11D0-8D11-00A0C91BC942}") = "MemeCore", "proj\MemeCore\MemeCore.vcxproj", "{BCF9C343-33E2-4BDE-BAFA-1C570DFF525F}"
EndProject
Project("{8BC9CEB8-8B4A-11D0-8D11-00A0C91BC942}") = "MemeEditor", "proj\MemeEditor\MemeEditor.vcxproj", "{435F2236-99A8-47F5-9408-0B5D1BB9BCAB}"
	ProjectSection(ProjectDependencies) = postProject
		{CB7DD118-A4BC-403E-83E9-19E85107B792} = {CB7DD118-A4BC-403E-83E9-19E85107B792}
		{A12B263A-F022-46DB-A461-19F0EECAFA3D} = {A12B263A-F022-46DB-A461-19F0EECAFA3D}
		{BCF9C343-33E2-4BDE-BAFA-1C570DFF525F} = {BCF9C343-33E2-4BDE-BAFA-1C570DFF525F}
		{AED09F50-CA3E-40A9-B6D9-656925E3EF55} = {AED09F50-CA3E-40A9-B6D9-656925E3EF55}
		{FD118371-D8EF-48E4-8AA7-93E48984EB34} = {FD118371-D8EF-48E4-8AA7-93E48984EB34}
		{2EF5E776-2FC0-479F-93A8-8D22D47AF3F6} = {2EF5E776-2FC0-479F-93A8-8D22D47AF3F6}
		{BE4213E1-C42D-46C4-A912-0A8B8E07ECC2} = {BE4213E1-C42D-46C4-A912-0A8B8E07ECC2}
		{3E1CA3E7-0585-4E41-BBEF-59BC48454410} = {3E1CA3E7-0585-4E41-BBEF-59BC48454410}
	EndProjectSection
EndProject
Project("{8BC9CEB8-8B4A-11D0-8D11-00A0C91BC942}") = "MemeGraphics", "proj\MemeGraphics\MemeGraphics.vcxproj", "{2EF5E776-2FC0-479F-93A8-8D22D47AF3F6}"
	ProjectSection(ProjectDependencies) = postProject
		{BCF9C343-33E2-4BDE-BAFA-1C570DFF525F} = {BCF9C343-33E2-4BDE-BAFA-1C570DFF525F}
		{FD118371-D8EF-48E4-8AA7-93E48984EB34} = {FD118371-D8EF-48E4-8AA7-93E48984EB34}
	EndProjectSection
EndProject
Project("{8BC9CEB8-8B4A-11D0-8D11-00A0C91BC942}") = "MemeEngine", "proj\MemeEngine\MemeEngine.vcxproj", "{AED09F50-CA3E-40A9-B6D9-656925E3EF55}"
	ProjectSection(ProjectDependencies) = postProject
		{CB7DD118-A4BC-403E-83E9-19E85107B792} = {CB7DD118-A4BC-403E-83E9-19E85107B792}
		{A12B263A-F022-46DB-A461-19F0EECAFA3D} = {A12B263A-F022-46DB-A461-19F0EECAFA3D}
		{BCF9C343-33E2-4BDE-BAFA-1C570DFF525F} = {BCF9C343-33E2-4BDE-BAFA-1C570DFF525F}
		{FD118371-D8EF-48E4-8AA7-93E48984EB34} = {FD118371-D8EF-48E4-8AA7-93E48984EB34}
		{2EF5E776-2FC0-479F-93A8-8D22D47AF3F6} = {2EF5E776-2FC0-479F-93A8-8D22D47AF3F6}
		{BE4213E1-C42D-46C4-A912-0A8B8E07ECC2} = {BE4213E1-C42D-46C4-A912-0A8B8E07ECC2}
		{3E1CA3E7-0585-4E41-BBEF-59BC48454410} = {3E1CA3E7-0585-4E41-BBEF-59BC48454410}
	EndProjectSection
EndProject
Project("{8BC9CEB8-8B4A-11D0-8D11-00A0C91BC942}") = "MemeNet", "proj\MemeNet\MemeNet.vcxproj", "{A12B263A-F022-46DB-A461-19F0EECAFA3D}"
	ProjectSection(ProjectDependencies) = postProject
		{BCF9C343-33E2-4BDE-BAFA-1C570DFF525F} = {BCF9C343-33E2-4BDE-BAFA-1C570DFF525F}
	EndProjectSection
EndProject
Project("{8BC9CEB8-8B4A-11D0-8D11-00A0C91BC942}") = "MemePhysics", "proj\MemePhysics\MemePhysics.vcxproj", "{BE4213E1-C42D-46C4-A912-0A8B8E07ECC2}"
	ProjectSection(ProjectDependencies) = postProject
		{BCF9C343-33E2-4BDE-BAFA-1C570DFF525F} = {BCF9C343-33E2-4BDE-BAFA-1C570DFF525F}
	EndProjectSection
EndProject
Project("{8BC9CEB8-8B4A-11D0-8D11-00A0C91BC942}") = "MemeScript", "proj\MemeScript\MemeScript.vcxproj", "{CB7DD118-A4BC-403E-83E9-19E85107B792}"
	ProjectSection(ProjectDependencies) = postProject
		{BCF9C343-33E2-4BDE-BAFA-1C570DFF525F} = {BCF9C343-33E2-4BDE-BAFA-1C570DFF525F}
	EndProjectSection
EndProject
Project("{8BC9CEB8-8B4A-11D0-8D11-00A0C91BC942}") = "MemeWindow", "proj\MemeWindow\MemeWindow.vcxproj", "{FD118371-D8EF-48E4-8AA7-93E48984EB34}"
	ProjectSection(ProjectDependencies) = postProject
		{BCF9C343-33E2-4BDE-BAFA-1C570DFF525F} = {BCF9C343-33E2-4BDE-BAFA-1C570DFF525F}
	EndProjectSection
EndProject
Project("{8BC9CEB8-8B4A-11D0-8D11-00A0C91BC942}") = "Sandbox", "proj\Sandbox\Sandbox.vcxproj", "{6317A619-AA33-4F50-B4CF-D45A12FECB3A}"
	ProjectSection(ProjectDependencies) = postProject
		{CB7DD118-A4BC-403E-83E9-19E85107B792} = {CB7DD118-A4BC-403E-83E9-19E85107B792}
		{435F2236-99A8-47F5-9408-0B5D1BB9BCAB} = {435F2236-99A8-47F5-9408-0B5D1BB9BCAB}
		{A12B263A-F022-46DB-A461-19F0EECAFA3D} = {A12B263A-F022-46DB-A461-19F0EECAFA3D}
		{BCF9C343-33E2-4BDE-BAFA-1C570DFF525F} = {BCF9C343-33E2-4BDE-BAFA-1C570DFF525F}
		{AED09F50-CA3E-40A9-B6D9-656925E3EF55} = {AED09F50-CA3E-40A9-B6D9-656925E3EF55}
		{FD118371-D8EF-48E4-8AA7-93E48984EB34} = {FD118371-D8EF-48E4-8AA7-93E48984EB34}
		{2EF5E776-2FC0-479F-93A8-8D22D47AF3F6} = {2EF5E776-2FC0-479F-93A8-8D22D47AF3F6}
		{BE4213E1-C42D-46C4-A912-0A8B8E07ECC2} = {BE4213E1-C42D-46C4-A912-0A8B8E07ECC2}
		{3E1CA3E7-0585-4E41-BBEF-59BC48454410} = {3E1CA3E7-0585-4E41-BBEF-59BC48454410}
	EndProjectSection
EndProject
Project("{8BC9CEB8-8B4A-11D0-8D11-00A0C91BC942}") = "TestPlugin", "proj\TestPlugin\TestPlugin.vcxproj", "{460A52CB-AFC0-451A-8223-943538090422}"
	ProjectSection(ProjectDependencies) = postProject
		{6317A619-AA33-4F50-B4CF-D45A12FECB3A} = {6317A619-AA33-4F50-B4CF-D45A12FECB3A}
	EndProjectSection
EndProject
Project("{2150E333-8FDC-42A3-9474-1A3956D46DE8}") = "MemeLib", "MemeLib", "{A3FDD041-6B75-44B6-8E3D-A17941EA5DBD}"
EndProject
Project("{2150E333-8FDC-42A3-9474-1A3956D46DE8}") = "Plugins", "Plugins", "{65CF7A18-078F-4831-8372-4885A7F70007}"
EndProject
Project("{2150E333-8FDC-42A3-9474-1A3956D46DE8}") = "Docs", "Docs", "{517F4D22-F156-48CD-BA04-4B82779BC686}"
	ProjectSection(SolutionItems) = preProject
		LICENSE.txt = LICENSE.txt
		README.md = README.md
	EndProjectSection
EndProject
Project("{2150E333-8FDC-42A3-9474-1A3956D46DE8}") = "Tools", "Tools", "{3120FEC8-FF92-486E-A847-B0A5DB3F68E6}"
	ProjectSection(SolutionItems) = preProject
		tools\Archive_Bin.bat = tools\Archive_Bin.bat
		tools\Archive_Bin_Debug_x64.bat = tools\Archive_Bin_Debug_x64.bat
		tools\Archive_Bin_Debug_x86.bat = tools\Archive_Bin_Debug_x86.bat
		tools\Archive_Bin_Release_x64.bat = tools\Archive_Bin_Release_x64.bat
		tools\Archive_Bin_Release_x86.bat = tools\Archive_Bin_Release_x86.bat
		tools\Archive_Solution.bat = tools\Archive_Solution.bat
		tools\Build.bat = tools\Build.bat
		tools\Build_All.bat = tools\Build_All.bat
		tools\Build_Debug_x64.bat = tools\Build_Debug_x64.bat
		tools\Build_Debug_x86.bat = tools\Build_Debug_x86.bat
		tools\Build_Release_x64.bat = tools\Build_Release_x64.bat
		tools\Build_Release_x86.bat = tools\Build_Release_x86.bat
		tools\Clean.bat = tools\Clean.bat
		tools\Clean_ImGui.bat = tools\Clean_ImGui.bat
	EndProjectSection
EndProject
Global
	GlobalSection(SolutionConfigurationPlatforms) = preSolution
		Debug|x64 = Debug|x64
		Debug|x86 = Debug|x86
		Release|x64 = Release|x64
		Release|x86 = Release|x86
	EndGlobalSection
	GlobalSection(ProjectConfigurationPlatforms) = postSolution
		{3E1CA3E7-0585-4E41-BBEF-59BC48454410}.Debug|x64.ActiveCfg = Debug|x64
		{3E1CA3E7-0585-4E41-BBEF-59BC48454410}.Debug|x64.Build.0 = Debug|x64
		{3E1CA3E7-0585-4E41-BBEF-59BC48454410}.Debug|x86.ActiveCfg = Debug|Win32
		{3E1CA3E7-0585-4E41-BBEF-59BC48454410}.Debug|x86.Build.0 = Debug|Win32
		{3E1CA3E7-0585-4E41-BBEF-59BC48454410}.Release|x64.ActiveCfg = Release|x64
		{3E1CA3E7-0585-4E41-BBEF-59BC48454410}.Release|x64.Build.0 = Release|x64
		{3E1CA3E7-0585-4E41-BBEF-59BC48454410}.Release|x86.ActiveCfg = Release|Win32
		{3E1CA3E7-0585-4E41-BBEF-59BC48454410}.Release|x86.Build.0 = Release|Win32
		{BCF9C343-33E2-4BDE-BAFA-1C570DFF525F}.Debug|x64.ActiveCfg = Debug|x64
		{BCF9C343-33E2-4BDE-BAFA-1C570DFF525F}.Debug|x64.Build.0 = Debug|x64
		{BCF9C343-33E2-4BDE-BAFA-1C570DFF525F}.Debug|x86.ActiveCfg = Debug|Win32
		{BCF9C343-33E2-4BDE-BAFA-1C570DFF525F}.Debug|x86.Build.0 = Debug|Win32
		{BCF9C343-33E2-4BDE-BAFA-1C570DFF525F}.Release|x64.ActiveCfg = Release|x64
		{BCF9C343-33E2-4BDE-BAFA-1C570DFF525F}.Release|x64.Build.0 = Release|x64
		{BCF9C343-33E2-4BDE-BAFA-1C570DFF525F}.Release|x86.ActiveCfg = Release|Win32
		{BCF9C343-33E2-4BDE-BAFA-1C570DFF525F}.Release|x86.Build.0 = Release|Win32
		{435F2236-99A8-47F5-9408-0B5D1BB9BCAB}.Debug|x64.ActiveCfg = Debug|x64
		{435F2236-99A8-47F5-9408-0B5D1BB9BCAB}.Debug|x64.Build.0 = Debug|x64
		{435F2236-99A8-47F5-9408-0B5D1BB9BCAB}.Debug|x86.ActiveCfg = Debug|Win32
		{435F2236-99A8-47F5-9408-0B5D1BB9BCAB}.Debug|x86.Build.0 = Debug|Win32
		{435F2236-99A8-47F5-9408-0B5D1BB9BCAB}.Release|x64.ActiveCfg = Release|x64
		{435F2236-99A8-47F5-9408-0B5D1BB9BCAB}.Release|x64.Build.0 = Release|x64
		{435F2236-99A8-47F5-9408-0B5D1BB9BCAB}.Release|x86.ActiveCfg = Release|Win32
		{435F2236-99A8-47F5-9408-0B5D1BB9BCAB}.Release|x86.Build.0 = Release|Win32
		{2EF5E776-2FC0-479F-93A8-8D22D47AF3F6}.Debug|x64.ActiveCfg = Debug|x64
		{2EF5E776-2FC0-479F-93A8-8D22D47AF3F6}.Debug|x64.Build.0 = Debug|x64
		{2EF5E776-2FC0-479F-93A8-8D22D47AF3F6}.Debug|x86.ActiveCfg = Debug|Win32
		{2EF5E776-2FC0-479F-93A8-8D22D47AF3F6}.Debug|x86.Build.0 = Debug|Win32
		{2EF5E776-2FC0-479F-93A8-8D22D47AF3F6}.Release|x64.ActiveCfg = Release|x64
		{2EF5E776-2FC0-479F-93A8-8D22D47AF3F6}.Release|x64.Build.0 = Release|x64
		{2EF5E776-2FC0-479F-93A8-8D22D47AF3F6}.Release|x86.ActiveCfg = Release|Win32
		{2EF5E776-2FC0-479F-93A8-8D22D47AF3F6}.Release|x86.Build.0 = Release|Win32
		{AED09F50-CA3E-40A9-B6D9-656925E3EF55}.Debug|x64.ActiveCfg = Debug|x64
		{AED09F50-CA3E-40A9-B6D9-656925E3EF55}.Debug|x64.Build.0 = Debug|x64
		{AED09F50-CA3E-40A9-B6D9-656925E3EF55}.Debug|x86.ActiveCfg = Debug|Win32
		{AED09F50-CA3E-40A9-B6D9-656925E3EF55}.Debug|x86.Build.0 = Debug|Win32
		{AED09F50-CA3E-40A9-B6D9-656925E3EF55}.Release|x64.ActiveCfg = Release|x64
		{AED09F50-CA3E-40A9-B6D9-656925E3EF55}.Release|x64.Build.0 = Release|x64
		{AED09F50-CA3E-40A9-B6D9-656925E3EF55}.Release|x86.ActiveCfg = Release|Win32
		{AED09F50-CA3E-40A9-B6D9-656925E3EF55}.Release|x86.Build.0 = Release|Win32
		{A12B263A-F022-46DB-A461-19F0EECAFA3D}.Debug|x64.ActiveCfg = Debug|x64
		{A12B263A-F022-46DB-A461-19F0EECAFA3D}.Debug|x64.Build.0 = Debug|x64
		{A12B263A-F022-46DB-A461-19F0EECAFA3D}.Debug|x86.ActiveCfg = Debug|Win32
		{A12B263A-F022-46DB-A461-19F0EECAFA3D}.Debug|x86.Build.0 = Debug|Win32
		{A12B263A-F022-46DB-A461-19F0EECAFA3D}.Release|x64.ActiveCfg = Release|x64
		{A12B263A-F022-46DB-A461-19F0EECAFA3D}.Release|x64.Build.0 = Release|x64
		{A12B263A-F022-46DB-A461-19F0EECAFA3D}.Release|x86.ActiveCfg = Release|Win32
		{A12B263A-F022-46DB-A461-19F0EECAFA3D}.Release|x86.Build.0 = Release|Win32
		{BE4213E1-C42D-46C4-A912-0A8B8E07ECC2}.Debug|x64.ActiveCfg = Debug|x64
		{BE4213E1-C42D-46C4-A912-0A8B8E07ECC2}.Debug|x64.Build.0 = Debug|x64
		{BE4213E1-C42D-46C4-A912-0A8B8E07ECC2}.Debug|x86.ActiveCfg = Debug|Win32
		{BE4213E1-C42D-46C4-A912-0A8B8E07ECC2}.Debug|x86.Build.0 = Debug|Win32
		{BE4213E1-C42D-46C4-A912-0A8B8E07ECC2}.Release|x64.ActiveCfg = Release|x64
		{BE4213E1-C42D-46C4-A912-0A8B8E07ECC2}.Release|x64.Build.0 = Release|x64
		{BE4213E1-C42D-46C4-A912-0A8B8E07ECC2}.Release|x86.ActiveCfg = Release|Win32
		{BE4213E1-C42D-46C4-A912-0A8B8E07ECC2}.Release|x86.Build.0 = Release|Win32
		{CB7DD118-A4BC-403E-83E9-19E85107B792}.Debug|x64.ActiveCfg = Debug|x64
		{CB7DD118-A4BC-403E-83E9-19E85107B792}.Debug|x64.Build.0 = Debug|x64
		{CB7DD118-A4BC-403E-83E9-19E85107B792}.Debug|x86.ActiveCfg = Debug|Win32
		{CB7DD118-A4BC-403E-83E9-19E85107B792}.Debug|x86.Build.0 = Debug|Win32
		{CB7DD118-A4BC-403E-83E9-19E85107B792}.Release|x64.ActiveCfg = Release|x64
		{CB7DD118-A4BC-403E-83E9-19E85107B792}.Release|x64.Build.0 = Release|x64
		{CB7DD118-A4BC-403E-83E9-19E85107B792}.Release|x86.ActiveCfg = Release|Win32
		{CB7DD118-A4BC-403E-83E9-19E85107B792}.Release|x86.Build.0 = Release|Win32
		{FD118371-D8EF-48E4-8AA7-93E48984EB34}.Debug|x64.ActiveCfg = Debug|x64
		{FD118371-D8EF-48E4-8AA7-93E48984EB34}.Debug|x64.Build.0 = Debug|x64
		{FD118371-D8EF-48E4-8AA7-93E48984EB34}.Debug|x86.ActiveCfg = Debug|Win32
		{FD118371-D8EF-48E4-8AA7-93E48984EB34}.Debug|x86.Build.0 = Debug|Win32
		{FD118371-D8EF-48E4-8AA7-93E48984EB34}.Release|x64.ActiveCfg = Release|x64
		{FD118371-D8EF-48E4-8AA7-93E48984EB34}.Release|x64.Build.0 = Release|x64
		{FD118371-D8EF-48E4-8AA7-93E48984EB34}.Release|x86.ActiveCfg = Release|Win32
		{FD118371-D8EF-48E4-8AA7-93E48984EB34}.Release|x86.Build.0 = Release|Win32
		{6317A619-AA33-4F50-B4CF-D45A12FECB3A}.Debug|x64.ActiveCfg = Debug|x64
		{6317A619-AA33-4F50-B4CF-D45A12FECB3A}.Debug|x64.Build.0 = Debug|x64
		{6317A619-AA33-4F50-B4CF-D45A12FECB3A}.Debug|x86.ActiveCfg = Debug|Win32
		{6317A619-AA33-4F50-B4CF-D45A12FECB3A}.Debug|x86.Build.0 = Debug|Win32
		{6317A619-AA33-4F50-B4CF-D45A12FECB3A}.Release|x64.ActiveCfg = Release|x64
		{6317A619-AA33-4F50-B4CF-D45A12FECB3A}.Release|x64.Build.0 = Release|x64
		{6317A619-AA33-4F50-B4CF-D45A12FECB3A}.Release|x86.ActiveCfg = Release|Win32
		{6317A619-AA33-4F50-B4CF-D45A12FECB3A}.Release|x86.Build.0 = Release|Win32
		{460A52CB-AFC0-451A-8223-943538090422}.Debug|x64.ActiveCfg = Debug|x64
		{460A52CB-AFC0-451A-8223-943538090422}.Debug|x64.Build.0 = Debug|x64
		{460A52CB-AFC0-451A-8223-943538090422}.Debug|x86.ActiveCfg = Debug|Win32
		{460A52CB-AFC0-451A-8223-943538090422}.Debug|x86.Build.0 = Debug|Win32
		{460A52CB-AFC0-451A-8223-943538090422}.Release|x64.ActiveCfg = Release|x64
		{460A52CB-AFC0-451A-8223-943538090422}.Release|x64.Build.0 = Release|x64
		{460A52CB-AFC0-451A-8223-943538090422}.Release|x86.ActiveCfg = Release|Win32
		{460A52CB-AFC0-451A-8223-943538090422}.Release|x86.Build.0 = Release|Win32
	EndGlobalSection
	GlobalSection(SolutionProperties) = preSolution
		HideSolutionNode = FALSE
	EndGlobalSection
	GlobalSection(NestedProjects) = preSolution
		{3E1CA3E7-0585-4E41-BBEF-59BC48454410} = {A3FDD041-6B75-44B6-8E3D-A17941EA5DBD}
		{BCF9C343-33E2-4BDE-BAFA-1C570DFF525F} = {A3FDD041-6B75-44B6-8E3D-A17941EA5DBD}
		{435F2236-99A8-47F5-9408-0B5D1BB9BCAB} = {A3FDD041-6B75-44B6-8E3D-A17941EA5DBD}
		{2EF5E776-2FC0-479F-93A8-8D22D47AF3F6} = {A3FDD041-6B75-44B6-8E3D-A17941EA5DBD}
		{AED09F50-CA3E-40A9-B6D9-656925E3EF55} = {A3FDD041-6B75-44B6-8E3D-A17941EA5DBD}
		{A12B263A-F022-46DB-A461-19F0EECAFA3D} = {A3FDD041-6B75-44B6-8E3D-A17941EA5DBD}
		{BE4213E1-C42D-46C4-A912-0A8B8E07ECC2} = {A3FDD041-6B75-44B6-8E3D-A17941EA5DBD}
		{CB7DD118-A4BC-403E-83E9-19E85107B792} = {A3FDD041-6B75-44B6-8E3D-A17941EA5DBD}
		{FD118371-D8EF-48E4-8AA7-93E48984EB34} = {A3FDD041-6B75-44B6-8E3D-A17941EA5DBD}
		{460A52CB-AFC0-451A-8223-943538090422} = {65CF7A18-078F-4831-8372-4885A7F70007}
	EndGlobalSection
	GlobalSection(ExtensibilityGlobals) = postSolution
		SolutionGuid = {9A16FBB2-E7C5-4398-BFFC-A241C8AF0D0D}
	EndGlobalSection
EndGlobal
