<?xml version="1.0" encoding="utf-8"?>
<Project ToolsVersion="4.0" xmlns="http://schemas.microsoft.com/developer/msbuild/2003">
  <ItemGroup>
    <Filter Include="Resource Files">
      <UniqueIdentifier>{67DA6AB6-F800-4c08-8B7A-83BB121AAD01}</UniqueIdentifier>
      <Extensions>rc;ico;cur;bmp;dlg;rc2;rct;bin;rgs;gif;jpg;jpeg;jpe;resx;tiff;tif;png;wav;mfcribbon-ms</Extensions>
    </Filter>
    <Filter Include="Resource Files\assets">
      <UniqueIdentifier>{cc9795a2-93ba-4e9c-b2c9-18df14e73105}</UniqueIdentifier>
    </Filter>
  </ItemGroup>
  <ItemGroup>
    <None Include="..\..\config.ini">
      <Filter>Resource Files</Filter>
    </None>
    <None Include="..\..\assets\boot.script">
      <Filter>Resource Files\assets</Filter>
    </None>
    <None Include="..\..\assets\stub.script">
      <Filter>Resource Files\assets</Filter>
    </None>
  </ItemGroup>
  <ItemGroup>
    <ClCompile Include="..\..\src\Demo\main.cpp" />
  </ItemGroup>
</Project>