<?xml version="1.0" encoding="utf-8"?>
<Project ToolsVersion="4.0" xmlns="http://schemas.microsoft.com/developer/msbuild/2003">
  <ItemGroup>
    <Filter Include="Header Files">
      <UniqueIdentifier>{be380036-ab8e-4e79-914b-58a1398f147d}</UniqueIdentifier>
    </Filter>
    <Filter Include="Source Files">
      <UniqueIdentifier>{4bd9d2f2-14c9-4cac-a777-eee48dd31dd3}</UniqueIdentifier>
    </Filter>
    <Filter Include="Resource Files">
      <UniqueIdentifier>{67DA6AB6-F800-4c08-8B7A-83BB121AAD01}</UniqueIdentifier>
      <Extensions>rc;ico;cur;bmp;dlg;rc2;rct;bin;rgs;gif;jpg;jpeg;jpe;resx;tiff;tif;png;wav;mfcribbon-ms</Extensions>
    </Filter>
    <Filter Include="Resource Files\fonts">
      <UniqueIdentifier>{196a0fee-b6a8-42a2-af56-74bc60806553}</UniqueIdentifier>
    </Filter>
    <Filter Include="Resource Files\images">
      <UniqueIdentifier>{125eb0c8-07c4-4796-899b-738bbcba963c}</UniqueIdentifier>
    </Filter>
    <Filter Include="Resource Files\meshes">
      <UniqueIdentifier>{698365e7-9b18-4357-942c-0422c5cab989}</UniqueIdentifier>
    </Filter>
    <Filter Include="Resource Files\shaders">
      <UniqueIdentifier>{f0ce37f6-161c-4c7e-9b01-30e5675bfdc0}</UniqueIdentifier>
    </Filter>
    <Filter Include="Resource Files\shaders\common">
      <UniqueIdentifier>{0e9a8c9c-8055-491a-879a-d1707eca19d1}</UniqueIdentifier>
    </Filter>
    <Filter Include="Resource Files\textures">
      <UniqueIdentifier>{8ec56f32-edb8-4d6c-aeb7-0dd2c21de9b5}</UniqueIdentifier>
    </Filter>
    <Filter Include="Resource Files\textures\bg">
      <UniqueIdentifier>{429d3244-a0c2-4ebb-a7c4-ecd4f6fc52c0}</UniqueIdentifier>
    </Filter>
    <Filter Include="Resource Files\textures\bg\sunset">
      <UniqueIdentifier>{18f919de-96d6-4b0e-ad98-b8c0cce85c7a}</UniqueIdentifier>
    </Filter>
    <Filter Include="Resource Files\textures\mars">
      <UniqueIdentifier>{0cf74065-1eb0-40f0-bef7-73636e1e6991}</UniqueIdentifier>
    </Filter>
    <Filter Include="Resource Files\textures\moon">
      <UniqueIdentifier>{2d51a990-04e4-4511-b364-01a7273e086e}</UniqueIdentifier>
    </Filter>
    <Filter Include="Resource Files\textures\stone">
      <UniqueIdentifier>{51081792-8bda-4c88-a5d5-d30941816518}</UniqueIdentifier>
    </Filter>
    <Filter Include="Resource Files\textures\earth">
      <UniqueIdentifier>{5635fc2f-1ea8-4ae2-bedc-bdb6d50b839d}</UniqueIdentifier>
    </Filter>
    <Filter Include="Resource Files\scripts">
      <UniqueIdentifier>{59483728-d1a2-4120-9e4c-e3fdf1e83de8}</UniqueIdentifier>
    </Filter>
    <Filter Include="Resource Files\skyboxes">
      <UniqueIdentifier>{03731043-07d2-4623-8321-3729ce9db5ea}</UniqueIdentifier>
    </Filter>
    <Filter Include="Resource Files\data">
      <UniqueIdentifier>{76ca6f33-6dae-44fc-9147-d75352f6a8b0}</UniqueIdentifier>
    </Filter>
  </ItemGroup>
  <ItemGroup>
    <None Include="..\..\assets\meshes\sphere8x6.mesh">
      <Filter>Resource Files\meshes</Filter>
    </None>
    <None Include="..\..\assets\meshes\sphere32x24.mesh">
      <Filter>Resource Files\meshes</Filter>
    </None>
    <None Include="..\..\assets\shaders\text.shader">
      <Filter>Resource Files\shaders</Filter>
    </None>
    <None Include="..\..\assets\shaders\geometry.shader">
      <Filter>Resource Files\shaders</Filter>
    </None>
    <None Include="..\..\assets\scripts\stub.meme">
      <Filter>Resource Files\scripts</Filter>
    </None>
    <None Include="..\..\assets\scripts\hello.meme">
      <Filter>Resource Files\scripts</Filter>
    </None>
    <None Include="..\..\assets\scripts\files.meme">
      <Filter>Resource Files\scripts</Filter>
    </None>
    <None Include="..\..\assets\scripts\core.meme">
      <Filter>Resource Files\scripts</Filter>
    </None>
    <None Include="..\..\assets\shaders\framebuffer.shader">
      <Filter>Resource Files\shaders</Filter>
    </None>
    <None Include="..\..\assets\meshes\cube.mesh">
      <Filter>Resource Files\meshes</Filter>
    </None>
    <None Include="..\..\assets\meshes\teapot.mesh">
      <Filter>Resource Files\meshes</Filter>
    </None>
    <None Include="..\..\assets\meshes\cow.mesh">
      <Filter>Resource Files\meshes</Filter>
    </None>
    <None Include="..\..\assets\meshes\pumpkin.mesh">
      <Filter>Resource Files\meshes</Filter>
    </None>
    <None Include="..\..\assets\meshes\teddy.mesh">
      <Filter>Resource Files\meshes</Filter>
    </None>
    <None Include="..\..\assets\shaders\solid.shader">
      <Filter>Resource Files\shaders</Filter>
    </None>
    <None Include="..\..\assets\shaders\skybox.shader">
      <Filter>Resource Files\shaders</Filter>
    </None>
    <None Include="..\..\assets\shaders\normal3D.shader">
      <Filter>Resource Files\shaders</Filter>
    </None>
    <None Include="..\..\assets\skyboxes\sunset.skybox">
      <Filter>Resource Files\skyboxes</Filter>
    </None>
    <None Include="..\..\assets\shaders\sprites.shader">
      <Filter>Resource Files\shaders</Filter>
    </None>
    <None Include="..\..\assets\scripts\test.meme">
      <Filter>Resource Files\scripts</Filter>
    </None>
    <None Include="..\..\assets\scripts\fib.meme">
      <Filter>Resource Files\scripts</Filter>
    </None>
    <None Include="..\..\assets\scripts\fizzbuzz.meme">
      <Filter>Resource Files\scripts</Filter>
    </None>
    <None Include="..\..\assets\scripts\tool.meme">
      <Filter>Resource Files\scripts</Filter>
    </None>
    <None Include="..\..\assets\shaders\common\Frag.shader">
      <Filter>Resource Files\shaders\common</Filter>
    </None>
    <None Include="..\..\assets\shaders\common\Vert.shader">
      <Filter>Resource Files\shaders\common</Filter>
    </None>
    <None Include="..\..\assets\shaders\common\Vert.MVP.shader">
      <Filter>Resource Files\shaders\common</Filter>
    </None>
    <None Include="..\..\assets\shaders\basic.shader">
      <Filter>Resource Files\shaders</Filter>
    </None>
    <None Include="..\..\assets\shaders\lighting.shader">
      <Filter>Resource Files\shaders</Filter>
    </None>
    <None Include="..\..\assets\shaders\common\Geom.Curve.shader">
      <Filter>Resource Files\shaders\common</Filter>
    </None>
    <None Include="..\..\assets\shaders\common\Frag.Draw.shader">
      <Filter>Resource Files\shaders\common</Filter>
    </None>
    <None Include="..\..\ML_Config.ini" />
    <None Include="..\..\assets\shaders\common\Time.shader">
      <Filter>Resource Files\shaders\common</Filter>
    </None>
  </ItemGroup>
  <ItemGroup>
    <Font Include="..\..\assets\fonts\clacon.ttf">
      <Filter>Resource Files\fonts</Filter>
    </Font>
    <Font Include="..\..\assets\fonts\lucida_console.ttf">
      <Filter>Resource Files\fonts</Filter>
    </Font>
    <Font Include="..\..\assets\fonts\minecraft.ttf">
      <Filter>Resource Files\fonts</Filter>
    </Font>
    <Font Include="..\..\assets\fonts\consolas.ttf">
      <Filter>Resource Files\fonts</Filter>
    </Font>
  </ItemGroup>
  <ItemGroup>
    <Image Include="..\..\assets\images\dean.png">
      <Filter>Resource Files\images</Filter>
    </Image>
    <Image Include="..\..\assets\images\Sanic.png">
      <Filter>Resource Files\images</Filter>
    </Image>
    <Image Include="..\..\assets\textures\stone\stone_dm.png">
      <Filter>Resource Files\textures\stone</Filter>
    </Image>
    <Image Include="..\..\assets\textures\stone\stone_hm.png">
      <Filter>Resource Files\textures\stone</Filter>
    </Image>
    <Image Include="..\..\assets\textures\stone\stone_nm.png">
      <Filter>Resource Files\textures\stone</Filter>
    </Image>
    <Image Include="..\..\assets\textures\moon\moon_dm_2k.png">
      <Filter>Resource Files\textures\moon</Filter>
    </Image>
    <Image Include="..\..\assets\textures\moon\moon_nm_2k.png">
      <Filter>Resource Files\textures\moon</Filter>
    </Image>
    <Image Include="..\..\assets\textures\mars\mars_dm_2k.png">
      <Filter>Resource Files\textures\mars</Filter>
    </Image>
    <Image Include="..\..\assets\textures\mars\mars_nm_2k.png">
      <Filter>Resource Files\textures\mars</Filter>
    </Image>
    <Image Include="..\..\assets\textures\bg\bg_clouds.png">
      <Filter>Resource Files\textures\bg</Filter>
    </Image>
    <Image Include="..\..\assets\textures\bg\sky_clouds.png">
      <Filter>Resource Files\textures\bg</Filter>
    </Image>
    <Image Include="..\..\assets\textures\bg\sky_water.png">
      <Filter>Resource Files\textures\bg</Filter>
    </Image>
    <Image Include="..\..\assets\images\borg.png">
      <Filter>Resource Files\images</Filter>
    </Image>
    <Image Include="..\..\assets\images\grass.png">
      <Filter>Resource Files\images</Filter>
    </Image>
    <Image Include="..\..\assets\images\test_sky.png">
      <Filter>Resource Files\images</Filter>
    </Image>
    <Image Include="..\..\assets\textures\earth\earth_cm.png">
      <Filter>Resource Files\textures\earth</Filter>
    </Image>
    <Image Include="..\..\assets\textures\earth\earth_dm.png">
      <Filter>Resource Files\textures\earth</Filter>
    </Image>
    <Image Include="..\..\assets\textures\earth\earth_hm.png">
      <Filter>Resource Files\textures\earth</Filter>
    </Image>
    <Image Include="..\..\assets\textures\earth\earth_lm.png">
      <Filter>Resource Files\textures\earth</Filter>
    </Image>
    <Image Include="..\..\assets\textures\earth\earth_nm.png">
      <Filter>Resource Files\textures\earth</Filter>
    </Image>
    <Image Include="..\..\assets\textures\earth\earth_sm.png">
      <Filter>Resource Files\textures\earth</Filter>
    </Image>
    <Image Include="..\..\assets\textures\bg\sunset\sunset_back.png">
      <Filter>Resource Files\textures\bg\sunset</Filter>
    </Image>
    <Image Include="..\..\assets\textures\bg\sunset\sunset_down.png">
      <Filter>Resource Files\textures\bg\sunset</Filter>
    </Image>
    <Image Include="..\..\assets\textures\bg\sunset\sunset_front.png">
      <Filter>Resource Files\textures\bg\sunset</Filter>
    </Image>
    <Image Include="..\..\assets\textures\bg\sunset\sunset_left.png">
      <Filter>Resource Files\textures\bg\sunset</Filter>
    </Image>
    <Image Include="..\..\assets\textures\bg\sunset\sunset_right.png">
      <Filter>Resource Files\textures\bg\sunset</Filter>
    </Image>
    <Image Include="..\..\assets\textures\bg\sunset\sunset_up.png">
      <Filter>Resource Files\textures\bg\sunset</Filter>
    </Image>
    <Image Include="..\..\assets\images\neutrino.png">
      <Filter>Resource Files\images</Filter>
    </Image>
  </ItemGroup>
  <ItemGroup>
    <ClInclude Include="Demo.hpp">
      <Filter>Header Files</Filter>
    </ClInclude>
    <ClInclude Include="DemoEvents.hpp">
      <Filter>Header Files</Filter>
    </ClInclude>
    <ClInclude Include="DemoCommands.hpp">
      <Filter>Header Files</Filter>
    </ClInclude>
    <ClInclude Include="DemoSettings.hpp">
      <Filter>Header Files</Filter>
    </ClInclude>
    <ClInclude Include="Testing.hpp">
      <Filter>Header Files</Filter>
    </ClInclude>
  </ItemGroup>
  <ItemGroup>
    <ClCompile Include="Main.cpp">
      <Filter>Source Files</Filter>
    </ClCompile>
    <ClCompile Include="Demo.cpp">
      <Filter>Source Files</Filter>
    </ClCompile>
    <ClCompile Include="DemoCommands.cpp">
      <Filter>Source Files</Filter>
    </ClCompile>
    <ClCompile Include="WinMain.cpp">
      <Filter>Source Files</Filter>
    </ClCompile>
  </ItemGroup>
  <ItemGroup>
    <Text Include="..\..\assets\data\meshes.txt">
      <Filter>Resource Files\data</Filter>
    </Text>
    <Text Include="..\..\assets\data\models.txt">
      <Filter>Resource Files\data</Filter>
    </Text>
    <Text Include="..\..\assets\data\scripts.txt">
      <Filter>Resource Files\data</Filter>
    </Text>
    <Text Include="..\..\assets\data\plugins.txt">
      <Filter>Resource Files\data</Filter>
    </Text>
    <Text Include="..\..\assets\data\shaders.txt">
      <Filter>Resource Files\data</Filter>
    </Text>
    <Text Include="..\..\assets\data\skyboxes.txt">
      <Filter>Resource Files\data</Filter>
    </Text>
    <Text Include="..\..\assets\data\sprites.txt">
      <Filter>Resource Files\data</Filter>
    </Text>
    <Text Include="..\..\assets\data\textures.txt">
      <Filter>Resource Files\data</Filter>
    </Text>
    <Text Include="..\..\assets\data\images.txt">
      <Filter>Resource Files\data</Filter>
    </Text>
    <Text Include="..\..\assets\data\fonts.txt">
      <Filter>Resource Files\data</Filter>
    </Text>
    <Text Include="..\..\assets\manifest.txt">
      <Filter>Resource Files</Filter>
    </Text>
    <Text Include="..\..\assets\data\effects.txt">
      <Filter>Resource Files\data</Filter>
    </Text>
  </ItemGroup>
</Project>