<?xml version="1.0" encoding="utf-8"?>
<Project ToolsVersion="4.0" xmlns="http://schemas.microsoft.com/developer/msbuild/2003">
  <ItemGroup>
    <Filter Include="Source Files">
      <UniqueIdentifier>{4FC737F1-C7A5-4376-A066-2A32D752A2FF}</UniqueIdentifier>
      <Extensions>cpp;c;cc;cxx;def;odl;idl;hpj;bat;asm;asmx</Extensions>
    </Filter>
    <Filter Include="Header Files">
      <UniqueIdentifier>{93995380-89BD-4b04-88EB-625FBE52EBFB}</UniqueIdentifier>
      <Extensions>h;hh;hpp;hxx;hm;inl;inc;ipp;xsd</Extensions>
    </Filter>
    <Filter Include="Resource Files">
      <UniqueIdentifier>{67DA6AB6-F800-4c08-8B7A-83BB121AAD01}</UniqueIdentifier>
      <Extensions>rc;ico;cur;bmp;dlg;rc2;rct;bin;rgs;gif;jpg;jpeg;jpe;resx;tiff;tif;png;wav;mfcribbon-ms</Extensions>
    </Filter>
    <Filter Include="Header Files\Interfaces">
      <UniqueIdentifier>{0f6478ac-f3ae-4b33-8996-88395d482025}</UniqueIdentifier>
    </Filter>
    <Filter Include="Source Files\Utility">
      <UniqueIdentifier>{53169a05-2aa2-4f63-946b-1f27b92afd23}</UniqueIdentifier>
    </Filter>
    <Filter Include="Source Files\Time">
      <UniqueIdentifier>{035f9e6c-7836-4ba6-91e0-7f95ab678938}</UniqueIdentifier>
    </Filter>
    <Filter Include="Header Files\Memory">
      <UniqueIdentifier>{c3db8fef-a046-47c0-93ce-fffddae2ad04}</UniqueIdentifier>
    </Filter>
    <Filter Include="Source Files\Memory">
      <UniqueIdentifier>{dfa1a930-d4c4-4209-a9b4-51b3d1a085c9}</UniqueIdentifier>
    </Filter>
    <Filter Include="Header Files\STD">
      <UniqueIdentifier>{485dbe29-b211-4cd5-b452-6ce26ff91e9e}</UniqueIdentifier>
    </Filter>
    <Filter Include="Source Files\FS">
      <UniqueIdentifier>{12815f7e-eacb-44de-84de-fa49c5edeb6d}</UniqueIdentifier>
    </Filter>
    <Filter Include="Header Files\Utility">
      <UniqueIdentifier>{aa9cd324-f987-4bac-9b0c-1520e7a689c5}</UniqueIdentifier>
    </Filter>
    <Filter Include="Header Files\Threading">
      <UniqueIdentifier>{c04760b5-ba7d-4cfb-bde9-91f5bce95b72}</UniqueIdentifier>
    </Filter>
    <Filter Include="Source Files\Threading">
      <UniqueIdentifier>{c5afbb30-6fd2-4557-8924-cdb640ab384d}</UniqueIdentifier>
    </Filter>
    <Filter Include="Header Files\Time">
      <UniqueIdentifier>{fd5b1dcc-ce58-48cc-ac44-0685e0b911dc}</UniqueIdentifier>
    </Filter>
    <Filter Include="Header Files\FS">
      <UniqueIdentifier>{19c6709d-12eb-4198-abd3-e13c31d5dbcd}</UniqueIdentifier>
    </Filter>
    <Filter Include="Header Files\Maths">
      <UniqueIdentifier>{31b96231-5819-483e-b653-76572a31bbb8}</UniqueIdentifier>
    </Filter>
    <Filter Include="Source Files\Maths">
      <UniqueIdentifier>{a48dca0d-732a-464d-a13e-ca7b39e35d35}</UniqueIdentifier>
    </Filter>
  </ItemGroup>
  <ItemGroup>
    <ClInclude Include="..\..\include\MemeCore\IComparable.hpp">
      <Filter>Header Files\Interfaces</Filter>
    </ClInclude>
    <ClInclude Include="..\..\include\MemeCore\IHandle.hpp">
      <Filter>Header Files\Interfaces</Filter>
    </ClInclude>
    <ClInclude Include="..\..\include\MemeCore\INonCopyable.hpp">
      <Filter>Header Files\Interfaces</Filter>
    </ClInclude>
    <ClInclude Include="..\..\include\MemeCore\ISerializable.hpp">
      <Filter>Header Files\Interfaces</Filter>
    </ClInclude>
    <ClInclude Include="..\..\include\MemeCore\ISingleton.hpp">
      <Filter>Header Files\Interfaces</Filter>
    </ClInclude>
    <ClInclude Include="..\..\include\MemeCore\ITrackable.hpp">
      <Filter>Header Files\Interfaces</Filter>
    </ClInclude>
    <ClInclude Include="..\..\include\MemeCore\Matrix.hpp">
      <Filter>Header Files\Maths</Filter>
    </ClInclude>
    <ClInclude Include="..\..\include\MemeCore\Rect.hpp">
      <Filter>Header Files\Maths</Filter>
    </ClInclude>
    <ClInclude Include="..\..\include\MemeCore\Vector.hpp">
      <Filter>Header Files\Maths</Filter>
    </ClInclude>
    <ClInclude Include="..\..\include\MemeCore\Vector2.hpp">
      <Filter>Header Files\Maths</Filter>
    </ClInclude>
    <ClInclude Include="..\..\include\MemeCore\Vector3.hpp">
      <Filter>Header Files\Maths</Filter>
    </ClInclude>
    <ClInclude Include="..\..\include\MemeCore\Vector4.hpp">
      <Filter>Header Files\Maths</Filter>
    </ClInclude>
    <ClInclude Include="..\..\include\MemeCore\Chunk.hpp">
      <Filter>Header Files\Memory</Filter>
    </ClInclude>
    <ClInclude Include="..\..\include\MemeCore\MemoryManager.hpp">
      <Filter>Header Files\Memory</Filter>
    </ClInclude>
    <ClInclude Include="..\..\include\MemeCore\MemoryTracker.hpp">
      <Filter>Header Files\Memory</Filter>
    </ClInclude>
    <ClInclude Include="..\..\include\MemeCore\Iterator.hpp">
      <Filter>Header Files\STD</Filter>
    </ClInclude>
    <ClInclude Include="..\..\include\MemeCore\List.hpp">
      <Filter>Header Files\STD</Filter>
    </ClInclude>
    <ClInclude Include="..\..\include\MemeCore\String.hpp">
      <Filter>Header Files\STD</Filter>
    </ClInclude>
    <ClInclude Include="..\..\include\MemeCore\Duration.hpp">
      <Filter>Header Files\Time</Filter>
    </ClInclude>
    <ClInclude Include="..\..\include\MemeCore\Time.hpp">
      <Filter>Header Files\Time</Filter>
    </ClInclude>
    <ClInclude Include="..\..\include\MemeCore\Timer.hpp">
      <Filter>Header Files\Time</Filter>
    </ClInclude>
    <ClInclude Include="..\..\include\MemeCore\BitHelper.hpp">
      <Filter>Header Files\Utility</Filter>
    </ClInclude>
    <ClInclude Include="..\..\include\MemeCore\Console.hpp">
      <Filter>Header Files\Utility</Filter>
    </ClInclude>
    <ClInclude Include="..\..\include\MemeCore\Debug.hpp">
      <Filter>Header Files\Utility</Filter>
    </ClInclude>
    <ClInclude Include="..\..\include\MemeCore\Config.hpp">
      <Filter>Resource Files</Filter>
    </ClInclude>
    <ClInclude Include="..\..\include\MemeCore\Export.hpp">
      <Filter>Resource Files</Filter>
    </ClInclude>
    <ClInclude Include="..\..\include\MemeCore\STD.hpp">
      <Filter>Header Files\STD</Filter>
    </ClInclude>
    <ClInclude Include="..\..\include\MemeCore\IO.hpp">
      <Filter>Header Files\STD</Filter>
    </ClInclude>
    <ClInclude Include="..\..\include\MemeCore\OStream.hpp">
      <Filter>Header Files\STD</Filter>
    </ClInclude>
    <ClInclude Include="..\..\include\MemeCore\FileSystem.hpp">
      <Filter>Header Files\FS</Filter>
    </ClInclude>
    <ClInclude Include="..\..\include\MemeCore\IEventListener.hpp">
      <Filter>Header Files\Interfaces</Filter>
    </ClInclude>
    <ClInclude Include="..\..\include\MemeCore\Thread.hpp">
      <Filter>Header Files\Threading</Filter>
    </ClInclude>
    <ClInclude Include="..\..\include\MemeCore\Random.hpp">
      <Filter>Header Files\Utility</Filter>
    </ClInclude>
    <ClInclude Include="..\..\include\MemeCore\Function.hpp">
      <Filter>Header Files\Threading</Filter>
    </ClInclude>
    <ClInclude Include="..\..\include\MemeCore\Map.hpp">
      <Filter>Header Files\STD</Filter>
    </ClInclude>
    <ClInclude Include="..\..\include\MemeCore\File.hpp">
      <Filter>Header Files\FS</Filter>
    </ClInclude>
    <ClInclude Include="..\..\include\MemeCore\IReadable.hpp">
      <Filter>Header Files\Interfaces</Filter>
    </ClInclude>
    <ClInclude Include="..\..\include\MemeCore\IWritable.hpp">
      <Filter>Header Files\Interfaces</Filter>
    </ClInclude>
    <ClInclude Include="..\..\include\MemeCore\IStream.hpp">
      <Filter>Header Files\STD</Filter>
    </ClInclude>
    <ClInclude Include="..\..\include\MemeCore\Quaternion.hpp">
      <Filter>Header Files\Maths</Filter>
    </ClInclude>
    <ClInclude Include="..\..\include\MemeCore\Array.hpp">
      <Filter>Header Files\STD</Filter>
    </ClInclude>
    <ClInclude Include="..\..\include\MemeCore\IEvent.hpp">
      <Filter>Header Files\Interfaces</Filter>
    </ClInclude>
    <ClInclude Include="..\..\include\MemeCore\OS.hpp">
      <Filter>Header Files\Utility</Filter>
    </ClInclude>
    <ClInclude Include="..\..\include\MemeCore\Bytes.hpp">
      <Filter>Header Files\Utility</Filter>
    </ClInclude>
    <ClInclude Include="..\..\include\MemeCore\EventSystem.hpp">
      <Filter>Header Files\Utility</Filter>
    </ClInclude>
    <ClInclude Include="..\..\include\MemeCore\CoreEvents.hpp">
      <Filter>Header Files\Utility</Filter>
    </ClInclude>
    <ClInclude Include="..\..\include\MemeCore\IRequest.hpp">
      <Filter>Header Files\Interfaces</Filter>
    </ClInclude>
    <ClInclude Include="..\..\include\MemeCore\Dispatcher.hpp">
      <Filter>Header Files\Threading</Filter>
    </ClInclude>
    <ClInclude Include="..\..\include\MemeCore\TestRequest.hpp">
      <Filter>Header Files\Threading</Filter>
    </ClInclude>
    <ClInclude Include="..\..\include\MemeCore\Worker.hpp">
      <Filter>Header Files\Threading</Filter>
    </ClInclude>
    <ClInclude Include="..\..\include\MemeCore\Detection.hpp">
      <Filter>Header Files\STD</Filter>
    </ClInclude>
    <ClInclude Include="..\..\include\MemeCore\Ratio.hpp">
      <Filter>Header Files\STD</Filter>
    </ClInclude>
    <ClInclude Include="..\..\include\MemeCore\Lock.hpp">
      <Filter>Header Files\Threading</Filter>
    </ClInclude>
    <ClInclude Include="..\..\include\MemeCore\IDisposable.hpp">
      <Filter>Header Files\Interfaces</Filter>
    </ClInclude>
    <ClInclude Include="..\..\include\MemeCore\GLM.hpp">
      <Filter>Header Files\Maths</Filter>
    </ClInclude>
    <ClInclude Include="..\..\include\MemeCore\Transform.hpp">
      <Filter>Header Files\Maths</Filter>
    </ClInclude>
    <ClInclude Include="..\..\include\MemeCore\Maths.hpp">
      <Filter>Header Files\Maths</Filter>
    </ClInclude>
    <ClInclude Include="..\..\include\MemeCore\Preprocessor.hpp">
      <Filter>Header Files\Utility</Filter>
    </ClInclude>
    <ClInclude Include="..\..\include\MemeCore\StringUtility.hpp">
      <Filter>Header Files\Utility</Filter>
    </ClInclude>
    <ClInclude Include="..\..\include\MemeCore\Allocator.hpp">
      <Filter>Header Files\STD</Filter>
    </ClInclude>
  </ItemGroup>
  <ItemGroup>
    <ClCompile Include="..\..\src\MemeCore\Timer.cpp">
      <Filter>Source Files\Time</Filter>
    </ClCompile>
    <ClCompile Include="..\..\src\MemeCore\Time.cpp">
      <Filter>Source Files\Time</Filter>
    </ClCompile>
    <ClCompile Include="..\..\src\MemeCore\Duration.cpp">
      <Filter>Source Files\Time</Filter>
    </ClCompile>
    <ClCompile Include="..\..\src\MemeCore\MemoryTracker.cpp">
      <Filter>Source Files\Memory</Filter>
    </ClCompile>
    <ClCompile Include="..\..\src\MemeCore\MemoryManager.cpp">
      <Filter>Source Files\Memory</Filter>
    </ClCompile>
    <ClCompile Include="..\..\src\MemeCore\Debug.cpp">
      <Filter>Source Files\Utility</Filter>
    </ClCompile>
    <ClCompile Include="..\..\src\MemeCore\Console.cpp">
      <Filter>Source Files\Utility</Filter>
    </ClCompile>
    <ClCompile Include="..\..\include\MemeCore\IEnumerable.hpp">
      <Filter>Header Files\Interfaces</Filter>
    </ClCompile>
    <ClCompile Include="..\..\src\MemeCore\FileSystem.cpp">
      <Filter>Source Files\FS</Filter>
    </ClCompile>
    <ClCompile Include="..\..\src\MemeCore\Thread.cpp">
      <Filter>Source Files\Threading</Filter>
    </ClCompile>
    <ClCompile Include="..\..\src\MemeCore\Random.cpp">
      <Filter>Source Files\Utility</Filter>
    </ClCompile>
    <ClCompile Include="..\..\src\MemeCore\File.cpp">
      <Filter>Source Files\FS</Filter>
    </ClCompile>
    <ClCompile Include="..\..\src\MemeCore\OS.cpp">
      <Filter>Source Files\Utility</Filter>
    </ClCompile>
    <ClCompile Include="..\..\src\MemeCore\EventSystem.cpp">
      <Filter>Source Files\Utility</Filter>
    </ClCompile>
    <ClCompile Include="..\..\src\MemeCore\Dispatcher.cpp">
      <Filter>Source Files\Threading</Filter>
    </ClCompile>
    <ClCompile Include="..\..\src\MemeCore\TestRequest.cpp">
      <Filter>Source Files\Threading</Filter>
    </ClCompile>
    <ClCompile Include="..\..\src\MemeCore\Worker.cpp">
      <Filter>Source Files\Threading</Filter>
    </ClCompile>
    <ClCompile Include="..\..\src\MemeCore\Maths.cpp">
      <Filter>Source Files\Maths</Filter>
    </ClCompile>
    <ClCompile Include="..\..\src\MemeCore\Transform.cpp">
      <Filter>Source Files\Maths</Filter>
    </ClCompile>
    <ClCompile Include="..\..\src\MemeCore\StringUtility.cpp">
      <Filter>Source Files\Utility</Filter>
    </ClCompile>
  </ItemGroup>
</Project>