<?xml version="1.0" encoding="utf-8"?>
<Project ToolsVersion="4.0" xmlns="http://schemas.microsoft.com/developer/msbuild/2003">
  <ItemGroup>
    <Filter Include="Source Files">
      <UniqueIdentifier>{4FC737F1-C7A5-4376-A066-2A32D752A2FF}</UniqueIdentifier>
      <Extensions>cpp;c;cc;cxx;def;odl;idl;hpj;bat;asm;asmx</Extensions>
    </Filter>
    <Filter Include="Header Files">
      <UniqueIdentifier>{93995380-89BD-4b04-88EB-625FBE52EBFB}</UniqueIdentifier>
      <Extensions>h;hh;hpp;hxx;hm;inl;inc;ipp;xsd</Extensions>
    </Filter>
    <Filter Include="Resource Files">
      <UniqueIdentifier>{67DA6AB6-F800-4c08-8B7A-83BB121AAD01}</UniqueIdentifier>
      <Extensions>rc;ico;cur;bmp;dlg;rc2;rct;bin;rgs;gif;jpg;jpeg;jpe;resx;tiff;tif;png;wav;mfcribbon-ms</Extensions>
    </Filter>
    <Filter Include="Source Files\Buffers">
      <UniqueIdentifier>{f442ec10-6795-48f3-a90b-484e137cb821}</UniqueIdentifier>
    </Filter>
    <Filter Include="Header Files\Buffers">
      <UniqueIdentifier>{d8b1bc38-acbb-4e83-b7b1-954000c6f7dc}</UniqueIdentifier>
    </Filter>
    <Filter Include="Header Files\Wrapper">
      <UniqueIdentifier>{b891ca2e-b5bd-479a-b30a-9e04e215cb13}</UniqueIdentifier>
    </Filter>
    <Filter Include="Source Files\Wrapper">
      <UniqueIdentifier>{c0b656a8-1013-4cc1-b90c-7a59b2747737}</UniqueIdentifier>
    </Filter>
  </ItemGroup>
  <ItemGroup>
    <ClInclude Include="..\..\include\MemeAudio\Export.h">
      <Filter>Resource Files</Filter>
    </ClInclude>
    <ClInclude Include="..\..\include\MemeAudio\Sound.h">
      <Filter>Header Files</Filter>
    </ClInclude>
    <ClInclude Include="..\..\include\MemeAudio\Audio.h">
      <Filter>Header Files</Filter>
    </ClInclude>
    <ClInclude Include="..\..\include\MemeAudio\AL.h">
      <Filter>Header Files\Wrapper</Filter>
    </ClInclude>
    <ClInclude Include="..\..\include\MemeAudio\OpenAL.h">
      <Filter>Header Files\Wrapper</Filter>
    </ClInclude>
    <ClInclude Include="..\..\include\MemeAudio\AudioBuffer.h">
      <Filter>Header Files\Buffers</Filter>
    </ClInclude>
    <ClInclude Include="..\..\include\MemeAudio\AudioSource.h">
      <Filter>Header Files\Buffers</Filter>
    </ClInclude>
  </ItemGroup>
  <ItemGroup>
    <ClCompile Include="..\..\src\MemeAudio\Sound.cpp">
      <Filter>Source Files</Filter>
    </ClCompile>
    <ClCompile Include="..\..\src\MemeAudio\Audio.cpp">
      <Filter>Source Files</Filter>
    </ClCompile>
    <ClCompile Include="..\..\src\MemeAudio\AudioSource.cpp">
      <Filter>Source Files\Buffers</Filter>
    </ClCompile>
    <ClCompile Include="..\..\src\MemeAudio\AudioBuffer.cpp">
      <Filter>Source Files\Buffers</Filter>
    </ClCompile>
    <ClCompile Include="..\..\src\MemeAudio\OpenAL.cpp">
      <Filter>Source Files\Wrapper</Filter>
    </ClCompile>
  </ItemGroup>
</Project>