<?xml version="1.0" encoding="utf-8"?>
<Project ToolsVersion="4.0" xmlns="http://schemas.microsoft.com/developer/msbuild/2003">
  <ItemGroup>
    <Filter Include="Source Files">
      <UniqueIdentifier>{4FC737F1-C7A5-4376-A066-2A32D752A2FF}</UniqueIdentifier>
      <Extensions>cpp;c;cc;cxx;def;odl;idl;hpj;bat;asm;asmx</Extensions>
    </Filter>
    <Filter Include="Header Files">
      <UniqueIdentifier>{93995380-89BD-4b04-88EB-625FBE52EBFB}</UniqueIdentifier>
      <Extensions>h;hh;hpp;hxx;hm;inl;inc;ipp;xsd</Extensions>
    </Filter>
    <Filter Include="Resource Files">
      <UniqueIdentifier>{67DA6AB6-F800-4c08-8B7A-83BB121AAD01}</UniqueIdentifier>
      <Extensions>rc;ico;cur;bmp;dlg;rc2;rct;bin;rgs;gif;jpg;jpeg;jpe;resx;tiff;tif;png;wav;mfcribbon-ms</Extensions>
    </Filter>
    <Filter Include="Header Files\DS">
      <UniqueIdentifier>{b9be5043-d39b-4d88-b0a1-c6eec76d4000}</UniqueIdentifier>
    </Filter>
    <Filter Include="Source Files\DS">
      <UniqueIdentifier>{aa4a7931-81fd-4fba-a0ae-1d50427ecb1e}</UniqueIdentifier>
    </Filter>
    <Filter Include="Header Files\Utility">
      <UniqueIdentifier>{5de06fc1-103a-422f-92f7-fdcbb76bfbf5}</UniqueIdentifier>
    </Filter>
    <Filter Include="Source Files\Utility">
      <UniqueIdentifier>{34654218-3134-4dfa-ba5a-84ea7f57e269}</UniqueIdentifier>
    </Filter>
    <Filter Include="Header Files\Colliders">
      <UniqueIdentifier>{4871f099-8305-40b5-9ced-0ce6e823083e}</UniqueIdentifier>
    </Filter>
    <Filter Include="Source Files\Colliders">
      <UniqueIdentifier>{78734b14-60ba-4c7c-8032-c8cafe6f2a08}</UniqueIdentifier>
    </Filter>
  </ItemGroup>
  <ItemGroup>
    <ClInclude Include="..\..\include\MemePhysics\Export.hpp">
      <Filter>Resource Files</Filter>
    </ClInclude>
    <ClInclude Include="..\..\include\MemePhysics\Force.hpp">
      <Filter>Header Files\DS</Filter>
    </ClInclude>
    <ClInclude Include="..\..\include\MemePhysics\Particle.hpp">
      <Filter>Header Files\DS</Filter>
    </ClInclude>
    <ClInclude Include="..\..\include\MemePhysics\Rigidbody.hpp">
      <Filter>Header Files\DS</Filter>
    </ClInclude>
    <ClInclude Include="..\..\include\MemePhysics\PhysicsEvents.hpp">
      <Filter>Header Files\Utility</Filter>
    </ClInclude>
    <ClInclude Include="..\..\include\MemePhysics\PhysicsState.hpp">
      <Filter>Header Files\DS</Filter>
    </ClInclude>
    <ClInclude Include="..\..\include\MemePhysics\Collider.hpp">
      <Filter>Header Files\Colliders</Filter>
    </ClInclude>
    <ClInclude Include="..\..\include\MemePhysics\BoxCollider.hpp">
      <Filter>Header Files\Colliders</Filter>
    </ClInclude>
    <ClInclude Include="..\..\include\MemePhysics\SphereCollider.hpp">
      <Filter>Header Files\Colliders</Filter>
    </ClInclude>
    <ClInclude Include="..\..\include\MemePhysics\Ray.hpp">
      <Filter>Header Files\DS</Filter>
    </ClInclude>
    <ClInclude Include="..\..\include\MemePhysics\Physics.hpp">
      <Filter>Header Files\Utility</Filter>
    </ClInclude>
  </ItemGroup>
  <ItemGroup>
    <ClCompile Include="..\..\src\MemePhysics\Force.cpp">
      <Filter>Source Files\DS</Filter>
    </ClCompile>
    <ClCompile Include="..\..\src\MemePhysics\Particle.cpp">
      <Filter>Source Files\DS</Filter>
    </ClCompile>
    <ClCompile Include="..\..\src\MemePhysics\Rigidbody.cpp">
      <Filter>Source Files\DS</Filter>
    </ClCompile>
    <ClCompile Include="..\..\src\MemePhysics\Physics.cpp">
      <Filter>Source Files\Utility</Filter>
    </ClCompile>
    <ClCompile Include="..\..\src\MemePhysics\BoxCollider.cpp">
      <Filter>Source Files\Colliders</Filter>
    </ClCompile>
    <ClCompile Include="..\..\src\MemePhysics\SphereCollider.cpp">
      <Filter>Source Files\Colliders</Filter>
    </ClCompile>
    <ClCompile Include="..\..\src\MemePhysics\PhysicsState.cpp">
      <Filter>Source Files\DS</Filter>
    </ClCompile>
    <ClCompile Include="..\..\src\MemePhysics\Ray.cpp">
      <Filter>Source Files\DS</Filter>
    </ClCompile>
  </ItemGroup>
</Project>